
Microsoft Visual Studio Solution File, Format Version 12.00
# Visual Studio Version 16
VisualStudioVersion = 16.0.30717.126
MinimumVisualStudioVersion = 10.0.40219.1
Project("{888888A0-9F3D-457C-B088-3A5042F75D52}") = "data base", "data base\data base.pyproj", "{1AB20ADF-F174-4407-BDAD-533D8E9B2165}"
EndProject
Global
	GlobalSection(SolutionConfigurationPlatforms) = preSolution
		Debug|Any CPU = Debug|Any CPU
		Release|Any CPU = Release|Any CPU
	EndGlobalSection
	GlobalSection(ProjectConfigurationPlatforms) = postSolution
		{1AB20ADF-F174-4407-BDAD-533D8E9B2165}.Debug|Any CPU.ActiveCfg = Debug|Any CPU
		{1AB20ADF-F174-4407-BDAD-533D8E9B2165}.Release|Any CPU.ActiveCfg = Release|Any CPU
	EndGlobalSection
	GlobalSection(SolutionProperties) = preSolution
		HideSolutionNode = FALSE
	EndGlobalSection
	GlobalSection(ExtensibilityGlobals) = postSolution
		SolutionGuid = {D1DC411A-AB93-47DC-B904-BE787DC7E5F1}
	EndGlobalSection
EndGlobal
